
Microsoft Visual Studio Solution File, Format Version 12.00
# Visual Studio Version 17
VisualStudioVersion = 17.5.33424.131
MinimumVisualStudioVersion = 10.0.40219.1
Project("{FAE04EC0-301F-11D3-BF4B-00C04F79EFBC}") = "BankAPI", "BankAPI.csproj", "{E3681787-0036-484C-B5C8-FE9F07BDF64E}"
EndProject
Project("{FAE04EC0-301F-11D3-BF4B-00C04F79EFBC}") = "Core", "Core\Core.csproj", "{E8FF1225-0D87-4EED-8646-A9B93837B518}"
EndProject
Project("{FAE04EC0-301F-11D3-BF4B-00C04F79EFBC}") = "Infrastructure", "Infrastructure\Infrastructure.csproj", "{E9F78C2A-6B28-44B9-92D8-E4CE37FDB01A}"
EndProject
Global
	GlobalSection(SolutionConfigurationPlatforms) = preSolution
		Debug|Any CPU = Debug|Any CPU
		Release|Any CPU = Release|Any CPU
	EndGlobalSection
	GlobalSection(ProjectConfigurationPlatforms) = postSolution
		{E3681787-0036-484C-B5C8-FE9F07BDF64E}.Debug|Any CPU.ActiveCfg = Debug|Any CPU
		{E3681787-0036-484C-B5C8-FE9F07BDF64E}.Debug|Any CPU.Build.0 = Debug|Any CPU
		{E3681787-0036-484C-B5C8-FE9F07BDF64E}.Release|Any CPU.ActiveCfg = Release|Any CPU
		{E3681787-0036-484C-B5C8-FE9F07BDF64E}.Release|Any CPU.Build.0 = Release|Any CPU
		{E8FF1225-0D87-4EED-8646-A9B93837B518}.Debug|Any CPU.ActiveCfg = Debug|Any CPU
		{E8FF1225-0D87-4EED-8646-A9B93837B518}.Debug|Any CPU.Build.0 = Debug|Any CPU
		{E8FF1225-0D87-4EED-8646-A9B93837B518}.Release|Any CPU.ActiveCfg = Release|Any CPU
		{E8FF1225-0D87-4EED-8646-A9B93837B518}.Release|Any CPU.Build.0 = Release|Any CPU
		{E9F78C2A-6B28-44B9-92D8-E4CE37FDB01A}.Debug|Any CPU.ActiveCfg = Debug|Any CPU
		{E9F78C2A-6B28-44B9-92D8-E4CE37FDB01A}.Debug|Any CPU.Build.0 = Debug|Any CPU
		{E9F78C2A-6B28-44B9-92D8-E4CE37FDB01A}.Release|Any CPU.ActiveCfg = Release|Any CPU
		{E9F78C2A-6B28-44B9-92D8-E4CE37FDB01A}.Release|Any CPU.Build.0 = Release|Any CPU
	EndGlobalSection
	GlobalSection(SolutionProperties) = preSolution
		HideSolutionNode = FALSE
	EndGlobalSection
	GlobalSection(ExtensibilityGlobals) = postSolution
		SolutionGuid = {64C6EB79-2C6E-4995-B8A0-FBB4BC51B8EF}
	EndGlobalSection
EndGlobal
